// !$*UTF8*$!
{
	archiveVersion = 1;
	classes = {
	};
	objectVersion = 46;
	objects = {

/* Begin PBXBuildFile section */
		1DC0FDF91CE7B2F3007D6F88 /* GoogleBrotli.h in Headers */ = {isa = PBXBuildFile; fileRef = 1DC0FDF81CE7B2F3007D6F88 /* GoogleBrotli.h */; settings = {ATTRIBUTES = (Public, ); }; };
		1DC0FE021CE7B32D007D6F88 /* Brotli.h in Headers */ = {isa = PBXBuildFile; fileRef = 1DC0FE001CE7B32D007D6F88 /* Brotli.h */; settings = {ATTRIBUTES = (Public, ); }; };
		1DC0FE031CE7B32D007D6F88 /* Brotlli.mm in Sources */ = {isa = PBXBuildFile; fileRef = 1DC0FE011CE7B32D007D6F88 /* Brotlli.mm */; };
		1DD252F11E496B6E00B22759 /* bit_reader.c in Sources */ = {isa = PBXBuildFile; fileRef = 1DD252E51E496B6E00B22759 /* bit_reader.c */; };
		1DD252F21E496B6E00B22759 /* bit_reader.h in Headers */ = {isa = PBXBuildFile; fileRef = 1DD252E61E496B6E00B22759 /* bit_reader.h */; };
		1DD252F31E496B6E00B22759 /* context.h in Headers */ = {isa = PBXBuildFile; fileRef = 1DD252E71E496B6E00B22759 /* context.h */; };
		1DD252F41E496B6E00B22759 /* decode.c in Sources */ = {isa = PBXBuildFile; fileRef = 1DD252E81E496B6E00B22759 /* decode.c */; };
		1DD252F51E496B6E00B22759 /* decode.h in Headers */ = {isa = PBXBuildFile; fileRef = 1DD252E91E496B6E00B22759 /* decode.h */; };
		1DD252F61E496B6E00B22759 /* huffman.c in Sources */ = {isa = PBXBuildFile; fileRef = 1DD252EA1E496B6E00B22759 /* huffman.c */; };
		1DD252F71E496B6E00B22759 /* huffman.h in Headers */ = {isa = PBXBuildFile; fileRef = 1DD252EB1E496B6E00B22759 /* huffman.h */; };
		1DD252F81E496B6E00B22759 /* port.h in Headers */ = {isa = PBXBuildFile; fileRef = 1DD252EC1E496B6E00B22759 /* port.h */; };
		1DD252F91E496B6E00B22759 /* prefix.h in Headers */ = {isa = PBXBuildFile; fileRef = 1DD252ED1E496B6E00B22759 /* prefix.h */; };
		1DD252FA1E496B6E00B22759 /* state.c in Sources */ = {isa = PBXBuildFile; fileRef = 1DD252EE1E496B6E00B22759 /* state.c */; };
		1DD252FB1E496B6E00B22759 /* state.h in Headers */ = {isa = PBXBuildFile; fileRef = 1DD252EF1E496B6E00B22759 /* state.h */; };
		1DD252FC1E496B6E00B22759 /* transform.h in Headers */ = {isa = PBXBuildFile; fileRef = 1DD252F01E496B6E00B22759 /* transform.h */; };
		1DD253391E496B7700B22759 /* backward_references.c in Sources */ = {isa = PBXBuildFile; fileRef = 1DD252FE1E496B7700B22759 /* backward_references.c */; };
		1DD2533A1E496B7700B22759 /* backward_references.h in Headers */ = {isa = PBXBuildFile; fileRef = 1DD252FF1E496B7700B22759 /* backward_references.h */; };
		1DD2533B1E496B7700B22759 /* backward_references_inc.h in Headers */ = {isa = PBXBuildFile; fileRef = 1DD253001E496B7700B22759 /* backward_references_inc.h */; };
		1DD2533C1E496B7700B22759 /* bit_cost.c in Sources */ = {isa = PBXBuildFile; fileRef = 1DD253011E496B7700B22759 /* bit_cost.c */; };
		1DD2533D1E496B7700B22759 /* bit_cost.h in Headers */ = {isa = PBXBuildFile; fileRef = 1DD253021E496B7700B22759 /* bit_cost.h */; };
		1DD2533E1E496B7700B22759 /* bit_cost_inc.h in Headers */ = {isa = PBXBuildFile; fileRef = 1DD253031E496B7700B22759 /* bit_cost_inc.h */; };
		1DD2533F1E496B7700B22759 /* block_encoder_inc.h in Headers */ = {isa = PBXBuildFile; fileRef = 1DD253041E496B7700B22759 /* block_encoder_inc.h */; };
		1DD253401E496B7700B22759 /* block_splitter.c in Sources */ = {isa = PBXBuildFile; fileRef = 1DD253051E496B7700B22759 /* block_splitter.c */; };
		1DD253411E496B7700B22759 /* block_splitter.h in Headers */ = {isa = PBXBuildFile; fileRef = 1DD253061E496B7700B22759 /* block_splitter.h */; };
		1DD253421E496B7700B22759 /* block_splitter_inc.h in Headers */ = {isa = PBXBuildFile; fileRef = 1DD253071E496B7700B22759 /* block_splitter_inc.h */; };
		1DD253431E496B7700B22759 /* brotli_bit_stream.c in Sources */ = {isa = PBXBuildFile; fileRef = 1DD253081E496B7700B22759 /* brotli_bit_stream.c */; };
		1DD253441E496B7700B22759 /* brotli_bit_stream.h in Headers */ = {isa = PBXBuildFile; fileRef = 1DD253091E496B7700B22759 /* brotli_bit_stream.h */; };
		1DD253451E496B7700B22759 /* cluster.c in Sources */ = {isa = PBXBuildFile; fileRef = 1DD2530A1E496B7700B22759 /* cluster.c */; };
		1DD253461E496B7700B22759 /* cluster.h in Headers */ = {isa = PBXBuildFile; fileRef = 1DD2530B1E496B7700B22759 /* cluster.h */; };
		1DD253471E496B7700B22759 /* cluster_inc.h in Headers */ = {isa = PBXBuildFile; fileRef = 1DD2530C1E496B7700B22759 /* cluster_inc.h */; };
		1DD253481E496B7700B22759 /* command.h in Headers */ = {isa = PBXBuildFile; fileRef = 1DD2530D1E496B7700B22759 /* command.h */; };
		1DD253491E496B7700B22759 /* compress_fragment.c in Sources */ = {isa = PBXBuildFile; fileRef = 1DD2530E1E496B7700B22759 /* compress_fragment.c */; };
		1DD2534A1E496B7700B22759 /* compress_fragment.h in Headers */ = {isa = PBXBuildFile; fileRef = 1DD2530F1E496B7700B22759 /* compress_fragment.h */; };
		1DD2534B1E496B7700B22759 /* compress_fragment_two_pass.c in Sources */ = {isa = PBXBuildFile; fileRef = 1DD253101E496B7700B22759 /* compress_fragment_two_pass.c */; };
		1DD2534C1E496B7700B22759 /* compress_fragment_two_pass.h in Headers */ = {isa = PBXBuildFile; fileRef = 1DD253111E496B7700B22759 /* compress_fragment_two_pass.h */; };
		1DD2534D1E496B7700B22759 /* compressor.cc in Sources */ = {isa = PBXBuildFile; fileRef = 1DD253121E496B7700B22759 /* compressor.cc */; };
		1DD2534E1E496B7700B22759 /* compressor.h in Headers */ = {isa = PBXBuildFile; fileRef = 1DD253131E496B7700B22759 /* compressor.h */; };
		1DD2534F1E496B7700B22759 /* context.h in Headers */ = {isa = PBXBuildFile; fileRef = 1DD253141E496B7700B22759 /* context.h */; };
		1DD253501E496B7700B22759 /* dictionary_hash.h in Headers */ = {isa = PBXBuildFile; fileRef = 1DD253151E496B7700B22759 /* dictionary_hash.h */; };
		1DD253511E496B7700B22759 /* encode.c in Sources */ = {isa = PBXBuildFile; fileRef = 1DD253161E496B7700B22759 /* encode.c */; };
		1DD253521E496B7700B22759 /* encode.h in Headers */ = {isa = PBXBuildFile; fileRef = 1DD253171E496B7700B22759 /* encode.h */; };
		1DD253531E496B7700B22759 /* encode_parallel.cc in Sources */ = {isa = PBXBuildFile; fileRef = 1DD253181E496B7700B22759 /* encode_parallel.cc */; };
		1DD253541E496B7700B22759 /* encode_parallel.h in Headers */ = {isa = PBXBuildFile; fileRef = 1DD253191E496B7700B22759 /* encode_parallel.h */; };
		1DD253551E496B7700B22759 /* entropy_encode.c in Sources */ = {isa = PBXBuildFile; fileRef = 1DD2531A1E496B7700B22759 /* entropy_encode.c */; };
		1DD253561E496B7700B22759 /* entropy_encode.h in Headers */ = {isa = PBXBuildFile; fileRef = 1DD2531B1E496B7700B22759 /* entropy_encode.h */; };
		1DD253571E496B7700B22759 /* entropy_encode_static.h in Headers */ = {isa = PBXBuildFile; fileRef = 1DD2531C1E496B7700B22759 /* entropy_encode_static.h */; };
		1DD253581E496B7700B22759 /* fast_log.h in Headers */ = {isa = PBXBuildFile; fileRef = 1DD2531D1E496B7700B22759 /* fast_log.h */; };
		1DD253591E496B7700B22759 /* find_match_length.h in Headers */ = {isa = PBXBuildFile; fileRef = 1DD2531E1E496B7700B22759 /* find_match_length.h */; };
		1DD2535A1E496B7700B22759 /* hash.h in Headers */ = {isa = PBXBuildFile; fileRef = 1DD2531F1E496B7700B22759 /* hash.h */; };
		1DD2535B1E496B7700B22759 /* hash_forgetful_chain_inc.h in Headers */ = {isa = PBXBuildFile; fileRef = 1DD253201E496B7700B22759 /* hash_forgetful_chain_inc.h */; };
		1DD2535C1E496B7700B22759 /* hash_longest_match_inc.h in Headers */ = {isa = PBXBuildFile; fileRef = 1DD253211E496B7700B22759 /* hash_longest_match_inc.h */; };
		1DD2535D1E496B7700B22759 /* hash_longest_match_quickly_inc.h in Headers */ = {isa = PBXBuildFile; fileRef = 1DD253221E496B7700B22759 /* hash_longest_match_quickly_inc.h */; };
		1DD2535E1E496B7700B22759 /* histogram.c in Sources */ = {isa = PBXBuildFile; fileRef = 1DD253231E496B7700B22759 /* histogram.c */; };
		1DD2535F1E496B7700B22759 /* histogram.h in Headers */ = {isa = PBXBuildFile; fileRef = 1DD253241E496B7700B22759 /* histogram.h */; };
		1DD253601E496B7700B22759 /* histogram_inc.h in Headers */ = {isa = PBXBuildFile; fileRef = 1DD253251E496B7700B22759 /* histogram_inc.h */; };
		1DD253611E496B7700B22759 /* literal_cost.c in Sources */ = {isa = PBXBuildFile; fileRef = 1DD253261E496B7700B22759 /* literal_cost.c */; };
		1DD253621E496B7700B22759 /* literal_cost.h in Headers */ = {isa = PBXBuildFile; fileRef = 1DD253271E496B7700B22759 /* literal_cost.h */; };
		1DD253631E496B7700B22759 /* memory.c in Sources */ = {isa = PBXBuildFile; fileRef = 1DD253281E496B7700B22759 /* memory.c */; };
		1DD253641E496B7700B22759 /* memory.h in Headers */ = {isa = PBXBuildFile; fileRef = 1DD253291E496B7700B22759 /* memory.h */; };
		1DD253651E496B7700B22759 /* metablock.c in Sources */ = {isa = PBXBuildFile; fileRef = 1DD2532A1E496B7700B22759 /* metablock.c */; };
		1DD253661E496B7700B22759 /* metablock.h in Headers */ = {isa = PBXBuildFile; fileRef = 1DD2532B1E496B7700B22759 /* metablock.h */; };
		1DD253671E496B7700B22759 /* metablock_inc.h in Headers */ = {isa = PBXBuildFile; fileRef = 1DD2532C1E496B7700B22759 /* metablock_inc.h */; };
		1DD253681E496B7700B22759 /* port.h in Headers */ = {isa = PBXBuildFile; fileRef = 1DD2532D1E496B7700B22759 /* port.h */; };
		1DD253691E496B7700B22759 /* prefix.h in Headers */ = {isa = PBXBuildFile; fileRef = 1DD2532E1E496B7700B22759 /* prefix.h */; };
		1DD2536A1E496B7700B22759 /* quality.h in Headers */ = {isa = PBXBuildFile; fileRef = 1DD2532F1E496B7700B22759 /* quality.h */; };
		1DD2536B1E496B7700B22759 /* ringbuffer.h in Headers */ = {isa = PBXBuildFile; fileRef = 1DD253301E496B7700B22759 /* ringbuffer.h */; };
		1DD2536C1E496B7700B22759 /* static_dict.c in Sources */ = {isa = PBXBuildFile; fileRef = 1DD253311E496B7700B22759 /* static_dict.c */; };
		1DD2536D1E496B7700B22759 /* static_dict.h in Headers */ = {isa = PBXBuildFile; fileRef = 1DD253321E496B7700B22759 /* static_dict.h */; };
		1DD2536E1E496B7700B22759 /* static_dict_lut.h in Headers */ = {isa = PBXBuildFile; fileRef = 1DD253331E496B7700B22759 /* static_dict_lut.h */; };
		1DD2536F1E496B7700B22759 /* streams.cc in Sources */ = {isa = PBXBuildFile; fileRef = 1DD253341E496B7700B22759 /* streams.cc */; };
		1DD253701E496B7700B22759 /* streams.h in Headers */ = {isa = PBXBuildFile; fileRef = 1DD253351E496B7700B22759 /* streams.h */; };
		1DD253711E496B7700B22759 /* utf8_util.c in Sources */ = {isa = PBXBuildFile; fileRef = 1DD253361E496B7700B22759 /* utf8_util.c */; };
		1DD253721E496B7700B22759 /* utf8_util.h in Headers */ = {isa = PBXBuildFile; fileRef = 1DD253371E496B7700B22759 /* utf8_util.h */; };
		1DD253731E496B7700B22759 /* write_bits.h in Headers */ = {isa = PBXBuildFile; fileRef = 1DD253381E496B7700B22759 /* write_bits.h */; };
		1DD2537A1E497E7F00B22759 /* constants.h in Headers */ = {isa = PBXBuildFile; fileRef = 1DD253751E497E7F00B22759 /* constants.h */; };
		1DD2537B1E497E7F00B22759 /* dictionary.c in Sources */ = {isa = PBXBuildFile; fileRef = 1DD253761E497E7F00B22759 /* dictionary.c */; };
		1DD2537C1E497E7F00B22759 /* dictionary.h in Headers */ = {isa = PBXBuildFile; fileRef = 1DD253771E497E7F00B22759 /* dictionary.h */; };
		1DD2537D1E497E7F00B22759 /* port.h in Headers */ = {isa = PBXBuildFile; fileRef = 1DD253781E497E7F00B22759 /* port.h */; };
		1DD2537E1E497E7F00B22759 /* types.h in Headers */ = {isa = PBXBuildFile; fileRef = 1DD253791E497E7F00B22759 /* types.h */; };
/* End PBXBuildFile section */

/* Begin PBXFileReference section */
		1DC0FDF51CE7B2F3007D6F88 /* GoogleBrotli.framework */ = {isa = PBXFileReference; explicitFileType = wrapper.framework; includeInIndex = 0; path = GoogleBrotli.framework; sourceTree = BUILT_PRODUCTS_DIR; };
		1DC0FDF81CE7B2F3007D6F88 /* GoogleBrotli.h */ = {isa = PBXFileReference; lastKnownFileType = sourcecode.c.h; path = GoogleBrotli.h; sourceTree = "<group>"; };
		1DC0FDFA1CE7B2F3007D6F88 /* Info.plist */ = {isa = PBXFileReference; lastKnownFileType = text.plist.xml; path = Info.plist; sourceTree = "<group>"; };
		1DC0FE001CE7B32D007D6F88 /* Brotli.h */ = {isa = PBXFileReference; fileEncoding = 4; lastKnownFileType = sourcecode.c.h; path = Brotli.h; sourceTree = "<group>"; };
		1DC0FE011CE7B32D007D6F88 /* Brotlli.mm */ = {isa = PBXFileReference; fileEncoding = 4; lastKnownFileType = sourcecode.cpp.objcpp; path = Brotlli.mm; sourceTree = "<group>"; };
		1DD252E51E496B6E00B22759 /* bit_reader.c */ = {isa = PBXFileReference; fileEncoding = 4; lastKnownFileType = sourcecode.c.c; path = bit_reader.c; sourceTree = "<group>"; };
		1DD252E61E496B6E00B22759 /* bit_reader.h */ = {isa = PBXFileReference; fileEncoding = 4; lastKnownFileType = sourcecode.c.h; path = bit_reader.h; sourceTree = "<group>"; };
		1DD252E71E496B6E00B22759 /* context.h */ = {isa = PBXFileReference; fileEncoding = 4; lastKnownFileType = sourcecode.c.h; path = context.h; sourceTree = "<group>"; };
		1DD252E81E496B6E00B22759 /* decode.c */ = {isa = PBXFileReference; fileEncoding = 4; lastKnownFileType = sourcecode.c.c; path = decode.c; sourceTree = "<group>"; };
		1DD252E91E496B6E00B22759 /* decode.h */ = {isa = PBXFileReference; fileEncoding = 4; lastKnownFileType = sourcecode.c.h; path = decode.h; sourceTree = "<group>"; };
		1DD252EA1E496B6E00B22759 /* huffman.c */ = {isa = PBXFileReference; fileEncoding = 4; lastKnownFileType = sourcecode.c.c; path = huffman.c; sourceTree = "<group>"; };
		1DD252EB1E496B6E00B22759 /* huffman.h */ = {isa = PBXFileReference; fileEncoding = 4; lastKnownFileType = sourcecode.c.h; path = huffman.h; sourceTree = "<group>"; };
		1DD252EC1E496B6E00B22759 /* port.h */ = {isa = PBXFileReference; fileEncoding = 4; lastKnownFileType = sourcecode.c.h; path = port.h; sourceTree = "<group>"; };
		1DD252ED1E496B6E00B22759 /* prefix.h */ = {isa = PBXFileReference; fileEncoding = 4; lastKnownFileType = sourcecode.c.h; path = prefix.h; sourceTree = "<group>"; };
		1DD252EE1E496B6E00B22759 /* state.c */ = {isa = PBXFileReference; fileEncoding = 4; lastKnownFileType = sourcecode.c.c; path = state.c; sourceTree = "<group>"; };
		1DD252EF1E496B6E00B22759 /* state.h */ = {isa = PBXFileReference; fileEncoding = 4; lastKnownFileType = sourcecode.c.h; path = state.h; sourceTree = "<group>"; };
		1DD252F01E496B6E00B22759 /* transform.h */ = {isa = PBXFileReference; fileEncoding = 4; lastKnownFileType = sourcecode.c.h; path = transform.h; sourceTree = "<group>"; };
		1DD252FE1E496B7700B22759 /* backward_references.c */ = {isa = PBXFileReference; fileEncoding = 4; lastKnownFileType = sourcecode.c.c; path = backward_references.c; sourceTree = "<group>"; };
		1DD252FF1E496B7700B22759 /* backward_references.h */ = {isa = PBXFileReference; fileEncoding = 4; lastKnownFileType = sourcecode.c.h; path = backward_references.h; sourceTree = "<group>"; };
		1DD253001E496B7700B22759 /* backward_references_inc.h */ = {isa = PBXFileReference; fileEncoding = 4; lastKnownFileType = sourcecode.c.h; path = backward_references_inc.h; sourceTree = "<group>"; };
		1DD253011E496B7700B22759 /* bit_cost.c */ = {isa = PBXFileReference; fileEncoding = 4; lastKnownFileType = sourcecode.c.c; path = bit_cost.c; sourceTree = "<group>"; };
		1DD253021E496B7700B22759 /* bit_cost.h */ = {isa = PBXFileReference; fileEncoding = 4; lastKnownFileType = sourcecode.c.h; path = bit_cost.h; sourceTree = "<group>"; };
		1DD253031E496B7700B22759 /* bit_cost_inc.h */ = {isa = PBXFileReference; fileEncoding = 4; lastKnownFileType = sourcecode.c.h; path = bit_cost_inc.h; sourceTree = "<group>"; };
		1DD253041E496B7700B22759 /* block_encoder_inc.h */ = {isa = PBXFileReference; fileEncoding = 4; lastKnownFileType = sourcecode.c.h; path = block_encoder_inc.h; sourceTree = "<group>"; };
		1DD253051E496B7700B22759 /* block_splitter.c */ = {isa = PBXFileReference; fileEncoding = 4; lastKnownFileType = sourcecode.c.c; path = block_splitter.c; sourceTree = "<group>"; };
		1DD253061E496B7700B22759 /* block_splitter.h */ = {isa = PBXFileReference; fileEncoding = 4; lastKnownFileType = sourcecode.c.h; path = block_splitter.h; sourceTree = "<group>"; };
		1DD253071E496B7700B22759 /* block_splitter_inc.h */ = {isa = PBXFileReference; fileEncoding = 4; lastKnownFileType = sourcecode.c.h; path = block_splitter_inc.h; sourceTree = "<group>"; };
		1DD253081E496B7700B22759 /* brotli_bit_stream.c */ = {isa = PBXFileReference; fileEncoding = 4; lastKnownFileType = sourcecode.c.c; path = brotli_bit_stream.c; sourceTree = "<group>"; };
		1DD253091E496B7700B22759 /* brotli_bit_stream.h */ = {isa = PBXFileReference; fileEncoding = 4; lastKnownFileType = sourcecode.c.h; path = brotli_bit_stream.h; sourceTree = "<group>"; };
		1DD2530A1E496B7700B22759 /* cluster.c */ = {isa = PBXFileReference; fileEncoding = 4; lastKnownFileType = sourcecode.c.c; path = cluster.c; sourceTree = "<group>"; };
		1DD2530B1E496B7700B22759 /* cluster.h */ = {isa = PBXFileReference; fileEncoding = 4; lastKnownFileType = sourcecode.c.h; path = cluster.h; sourceTree = "<group>"; };
		1DD2530C1E496B7700B22759 /* cluster_inc.h */ = {isa = PBXFileReference; fileEncoding = 4; lastKnownFileType = sourcecode.c.h; path = cluster_inc.h; sourceTree = "<group>"; };
		1DD2530D1E496B7700B22759 /* command.h */ = {isa = PBXFileReference; fileEncoding = 4; lastKnownFileType = sourcecode.c.h; path = command.h; sourceTree = "<group>"; };
		1DD2530E1E496B7700B22759 /* compress_fragment.c */ = {isa = PBXFileReference; fileEncoding = 4; lastKnownFileType = sourcecode.c.c; path = compress_fragment.c; sourceTree = "<group>"; };
		1DD2530F1E496B7700B22759 /* compress_fragment.h */ = {isa = PBXFileReference; fileEncoding = 4; lastKnownFileType = sourcecode.c.h; path = compress_fragment.h; sourceTree = "<group>"; };
		1DD253101E496B7700B22759 /* compress_fragment_two_pass.c */ = {isa = PBXFileReference; fileEncoding = 4; lastKnownFileType = sourcecode.c.c; path = compress_fragment_two_pass.c; sourceTree = "<group>"; };
		1DD253111E496B7700B22759 /* compress_fragment_two_pass.h */ = {isa = PBXFileReference; fileEncoding = 4; lastKnownFileType = sourcecode.c.h; path = compress_fragment_two_pass.h; sourceTree = "<group>"; };
		1DD253121E496B7700B22759 /* compressor.cc */ = {isa = PBXFileReference; fileEncoding = 4; lastKnownFileType = sourcecode.cpp.cpp; path = compressor.cc; sourceTree = "<group>"; };
		1DD253131E496B7700B22759 /* compressor.h */ = {isa = PBXFileReference; fileEncoding = 4; lastKnownFileType = sourcecode.c.h; path = compressor.h; sourceTree = "<group>"; };
		1DD253141E496B7700B22759 /* context.h */ = {isa = PBXFileReference; fileEncoding = 4; lastKnownFileType = sourcecode.c.h; path = context.h; sourceTree = "<group>"; };
		1DD253151E496B7700B22759 /* dictionary_hash.h */ = {isa = PBXFileReference; fileEncoding = 4; lastKnownFileType = sourcecode.c.h; path = dictionary_hash.h; sourceTree = "<group>"; };
		1DD253161E496B7700B22759 /* encode.c */ = {isa = PBXFileReference; fileEncoding = 4; lastKnownFileType = sourcecode.c.c; path = encode.c; sourceTree = "<group>"; };
		1DD253171E496B7700B22759 /* encode.h */ = {isa = PBXFileReference; fileEncoding = 4; lastKnownFileType = sourcecode.c.h; path = encode.h; sourceTree = "<group>"; };
		1DD253181E496B7700B22759 /* encode_parallel.cc */ = {isa = PBXFileReference; fileEncoding = 4; lastKnownFileType = sourcecode.cpp.cpp; path = encode_parallel.cc; sourceTree = "<group>"; };
		1DD253191E496B7700B22759 /* encode_parallel.h */ = {isa = PBXFileReference; fileEncoding = 4; lastKnownFileType = sourcecode.c.h; path = encode_parallel.h; sourceTree = "<group>"; };
		1DD2531A1E496B7700B22759 /* entropy_encode.c */ = {isa = PBXFileReference; fileEncoding = 4; lastKnownFileType = sourcecode.c.c; path = entropy_encode.c; sourceTree = "<group>"; };
		1DD2531B1E496B7700B22759 /* entropy_encode.h */ = {isa = PBXFileReference; fileEncoding = 4; lastKnownFileType = sourcecode.c.h; path = entropy_encode.h; sourceTree = "<group>"; };
		1DD2531C1E496B7700B22759 /* entropy_encode_static.h */ = {isa = PBXFileReference; fileEncoding = 4; lastKnownFileType = sourcecode.c.h; path = entropy_encode_static.h; sourceTree = "<group>"; };
		1DD2531D1E496B7700B22759 /* fast_log.h */ = {isa = PBXFileReference; fileEncoding = 4; lastKnownFileType = sourcecode.c.h; path = fast_log.h; sourceTree = "<group>"; };
		1DD2531E1E496B7700B22759 /* find_match_length.h */ = {isa = PBXFileReference; fileEncoding = 4; lastKnownFileType = sourcecode.c.h; path = find_match_length.h; sourceTree = "<group>"; };
		1DD2531F1E496B7700B22759 /* hash.h */ = {isa = PBXFileReference; fileEncoding = 4; lastKnownFileType = sourcecode.c.h; path = hash.h; sourceTree = "<group>"; };
		1DD253201E496B7700B22759 /* hash_forgetful_chain_inc.h */ = {isa = PBXFileReference; fileEncoding = 4; lastKnownFileType = sourcecode.c.h; path = hash_forgetful_chain_inc.h; sourceTree = "<group>"; };
		1DD253211E496B7700B22759 /* hash_longest_match_inc.h */ = {isa = PBXFileReference; fileEncoding = 4; lastKnownFileType = sourcecode.c.h; path = hash_longest_match_inc.h; sourceTree = "<group>"; };
		1DD253221E496B7700B22759 /* hash_longest_match_quickly_inc.h */ = {isa = PBXFileReference; fileEncoding = 4; lastKnownFileType = sourcecode.c.h; path = hash_longest_match_quickly_inc.h; sourceTree = "<group>"; };
		1DD253231E496B7700B22759 /* histogram.c */ = {isa = PBXFileReference; fileEncoding = 4; lastKnownFileType = sourcecode.c.c; path = histogram.c; sourceTree = "<group>"; };
		1DD253241E496B7700B22759 /* histogram.h */ = {isa = PBXFileReference; fileEncoding = 4; lastKnownFileType = sourcecode.c.h; path = histogram.h; sourceTree = "<group>"; };
		1DD253251E496B7700B22759 /* histogram_inc.h */ = {isa = PBXFileReference; fileEncoding = 4; lastKnownFileType = sourcecode.c.h; path = histogram_inc.h; sourceTree = "<group>"; };
		1DD253261E496B7700B22759 /* literal_cost.c */ = {isa = PBXFileReference; fileEncoding = 4; lastKnownFileType = sourcecode.c.c; path = literal_cost.c; sourceTree = "<group>"; };
		1DD253271E496B7700B22759 /* literal_cost.h */ = {isa = PBXFileReference; fileEncoding = 4; lastKnownFileType = sourcecode.c.h; path = literal_cost.h; sourceTree = "<group>"; };
		1DD253281E496B7700B22759 /* memory.c */ = {isa = PBXFileReference; fileEncoding = 4; lastKnownFileType = sourcecode.c.c; path = memory.c; sourceTree = "<group>"; };
		1DD253291E496B7700B22759 /* memory.h */ = {isa = PBXFileReference; fileEncoding = 4; lastKnownFileType = sourcecode.c.h; path = memory.h; sourceTree = "<group>"; };
		1DD2532A1E496B7700B22759 /* metablock.c */ = {isa = PBXFileReference; fileEncoding = 4; lastKnownFileType = sourcecode.c.c; path = metablock.c; sourceTree = "<group>"; };
		1DD2532B1E496B7700B22759 /* metablock.h */ = {isa = PBXFileReference; fileEncoding = 4; lastKnownFileType = sourcecode.c.h; path = metablock.h; sourceTree = "<group>"; };
		1DD2532C1E496B7700B22759 /* metablock_inc.h */ = {isa = PBXFileReference; fileEncoding = 4; lastKnownFileType = sourcecode.c.h; path = metablock_inc.h; sourceTree = "<group>"; };
		1DD2532D1E496B7700B22759 /* port.h */ = {isa = PBXFileReference; fileEncoding = 4; lastKnownFileType = sourcecode.c.h; path = port.h; sourceTree = "<group>"; };
		1DD2532E1E496B7700B22759 /* prefix.h */ = {isa = PBXFileReference; fileEncoding = 4; lastKnownFileType = sourcecode.c.h; path = prefix.h; sourceTree = "<group>"; };
		1DD2532F1E496B7700B22759 /* quality.h */ = {isa = PBXFileReference; fileEncoding = 4; lastKnownFileType = sourcecode.c.h; path = quality.h; sourceTree = "<group>"; };
		1DD253301E496B7700B22759 /* ringbuffer.h */ = {isa = PBXFileReference; fileEncoding = 4; lastKnownFileType = sourcecode.c.h; path = ringbuffer.h; sourceTree = "<group>"; };
		1DD253311E496B7700B22759 /* static_dict.c */ = {isa = PBXFileReference; fileEncoding = 4; lastKnownFileType = sourcecode.c.c; path = static_dict.c; sourceTree = "<group>"; };
		1DD253321E496B7700B22759 /* static_dict.h */ = {isa = PBXFileReference; fileEncoding = 4; lastKnownFileType = sourcecode.c.h; path = static_dict.h; sourceTree = "<group>"; };
		1DD253331E496B7700B22759 /* static_dict_lut.h */ = {isa = PBXFileReference; fileEncoding = 4; lastKnownFileType = sourcecode.c.h; path = static_dict_lut.h; sourceTree = "<group>"; };
		1DD253341E496B7700B22759 /* streams.cc */ = {isa = PBXFileReference; fileEncoding = 4; lastKnownFileType = sourcecode.cpp.cpp; path = streams.cc; sourceTree = "<group>"; };
		1DD253351E496B7700B22759 /* streams.h */ = {isa = PBXFileReference; fileEncoding = 4; lastKnownFileType = sourcecode.c.h; path = streams.h; sourceTree = "<group>"; };
		1DD253361E496B7700B22759 /* utf8_util.c */ = {isa = PBXFileReference; fileEncoding = 4; lastKnownFileType = sourcecode.c.c; path = utf8_util.c; sourceTree = "<group>"; };
		1DD253371E496B7700B22759 /* utf8_util.h */ = {isa = PBXFileReference; fileEncoding = 4; lastKnownFileType = sourcecode.c.h; path = utf8_util.h; sourceTree = "<group>"; };
		1DD253381E496B7700B22759 /* write_bits.h */ = {isa = PBXFileReference; fileEncoding = 4; lastKnownFileType = sourcecode.c.h; path = write_bits.h; sourceTree = "<group>"; };
		1DD253751E497E7F00B22759 /* constants.h */ = {isa = PBXFileReference; fileEncoding = 4; lastKnownFileType = sourcecode.c.h; path = constants.h; sourceTree = "<group>"; };
		1DD253761E497E7F00B22759 /* dictionary.c */ = {isa = PBXFileReference; fileEncoding = 4; lastKnownFileType = sourcecode.c.c; path = dictionary.c; sourceTree = "<group>"; };
		1DD253771E497E7F00B22759 /* dictionary.h */ = {isa = PBXFileReference; fileEncoding = 4; lastKnownFileType = sourcecode.c.h; path = dictionary.h; sourceTree = "<group>"; };
		1DD253781E497E7F00B22759 /* port.h */ = {isa = PBXFileReference; fileEncoding = 4; lastKnownFileType = sourcecode.c.h; path = port.h; sourceTree = "<group>"; };
		1DD253791E497E7F00B22759 /* types.h */ = {isa = PBXFileReference; fileEncoding = 4; lastKnownFileType = sourcecode.c.h; path = types.h; sourceTree = "<group>"; };
/* End PBXFileReference section */

/* Begin PBXFrameworksBuildPhase section */
		1DC0FDF11CE7B2F3007D6F88 /* Frameworks */ = {
			isa = PBXFrameworksBuildPhase;
			buildActionMask = 2147483647;
			files = (
			);
			runOnlyForDeploymentPostprocessing = 0;
		};
/* End PBXFrameworksBuildPhase section */

/* Begin PBXGroup section */
		1DC0FDEB1CE7B2F3007D6F88 = {
			isa = PBXGroup;
			children = (
				1DD252E31E496B6100B22759 /* brotli */,
				1DC0FDF71CE7B2F3007D6F88 /* GoogleBrotli */,
				1DC0FDF61CE7B2F3007D6F88 /* Products */,
			);
			sourceTree = "<group>";
		};
		1DC0FDF61CE7B2F3007D6F88 /* Products */ = {
			isa = PBXGroup;
			children = (
				1DC0FDF51CE7B2F3007D6F88 /* GoogleBrotli.framework */,
			);
			name = Products;
			sourceTree = "<group>";
		};
		1DC0FDF71CE7B2F3007D6F88 /* GoogleBrotli */ = {
			isa = PBXGroup;
			children = (
				1DC0FE001CE7B32D007D6F88 /* Brotli.h */,
				1DC0FE011CE7B32D007D6F88 /* Brotlli.mm */,
				1DC0FDF81CE7B2F3007D6F88 /* GoogleBrotli.h */,
				1DC0FDFA1CE7B2F3007D6F88 /* Info.plist */,
			);
			path = GoogleBrotli;
			sourceTree = "<group>";
		};
		1DD252E31E496B6100B22759 /* brotli */ = {
			isa = PBXGroup;
			children = (
				1DD253741E497E7F00B22759 /* common */,
				1DD252FD1E496B7700B22759 /* enc */,
				1DD252E41E496B6E00B22759 /* dec */,
			);
			name = brotli;
			sourceTree = "<group>";
		};
		1DD252E41E496B6E00B22759 /* dec */ = {
			isa = PBXGroup;
			children = (
				1DD252E51E496B6E00B22759 /* bit_reader.c */,
				1DD252E61E496B6E00B22759 /* bit_reader.h */,
				1DD252E71E496B6E00B22759 /* context.h */,
				1DD252E81E496B6E00B22759 /* decode.c */,
				1DD252E91E496B6E00B22759 /* decode.h */,
				1DD252EA1E496B6E00B22759 /* huffman.c */,
				1DD252EB1E496B6E00B22759 /* huffman.h */,
				1DD252EC1E496B6E00B22759 /* port.h */,
				1DD252ED1E496B6E00B22759 /* prefix.h */,
				1DD252EE1E496B6E00B22759 /* state.c */,
				1DD252EF1E496B6E00B22759 /* state.h */,
				1DD252F01E496B6E00B22759 /* transform.h */,
			);
			name = dec;
			path = brotli/dec;
			sourceTree = "<group>";
		};
		1DD252FD1E496B7700B22759 /* enc */ = {
			isa = PBXGroup;
			children = (
				1DD252FE1E496B7700B22759 /* backward_references.c */,
				1DD252FF1E496B7700B22759 /* backward_references.h */,
				1DD253001E496B7700B22759 /* backward_references_inc.h */,
				1DD253011E496B7700B22759 /* bit_cost.c */,
				1DD253021E496B7700B22759 /* bit_cost.h */,
				1DD253031E496B7700B22759 /* bit_cost_inc.h */,
				1DD253041E496B7700B22759 /* block_encoder_inc.h */,
				1DD253051E496B7700B22759 /* block_splitter.c */,
				1DD253061E496B7700B22759 /* block_splitter.h */,
				1DD253071E496B7700B22759 /* block_splitter_inc.h */,
				1DD253081E496B7700B22759 /* brotli_bit_stream.c */,
				1DD253091E496B7700B22759 /* brotli_bit_stream.h */,
				1DD2530A1E496B7700B22759 /* cluster.c */,
				1DD2530B1E496B7700B22759 /* cluster.h */,
				1DD2530C1E496B7700B22759 /* cluster_inc.h */,
				1DD2530D1E496B7700B22759 /* command.h */,
				1DD2530E1E496B7700B22759 /* compress_fragment.c */,
				1DD2530F1E496B7700B22759 /* compress_fragment.h */,
				1DD253101E496B7700B22759 /* compress_fragment_two_pass.c */,
				1DD253111E496B7700B22759 /* compress_fragment_two_pass.h */,
				1DD253121E496B7700B22759 /* compressor.cc */,
				1DD253131E496B7700B22759 /* compressor.h */,
				1DD253141E496B7700B22759 /* context.h */,
				1DD253151E496B7700B22759 /* dictionary_hash.h */,
				1DD253161E496B7700B22759 /* encode.c */,
				1DD253171E496B7700B22759 /* encode.h */,
				1DD253181E496B7700B22759 /* encode_parallel.cc */,
				1DD253191E496B7700B22759 /* encode_parallel.h */,
				1DD2531A1E496B7700B22759 /* entropy_encode.c */,
				1DD2531B1E496B7700B22759 /* entropy_encode.h */,
				1DD2531C1E496B7700B22759 /* entropy_encode_static.h */,
				1DD2531D1E496B7700B22759 /* fast_log.h */,
				1DD2531E1E496B7700B22759 /* find_match_length.h */,
				1DD2531F1E496B7700B22759 /* hash.h */,
				1DD253201E496B7700B22759 /* hash_forgetful_chain_inc.h */,
				1DD253211E496B7700B22759 /* hash_longest_match_inc.h */,
				1DD253221E496B7700B22759 /* hash_longest_match_quickly_inc.h */,
				1DD253231E496B7700B22759 /* histogram.c */,
				1DD253241E496B7700B22759 /* histogram.h */,
				1DD253251E496B7700B22759 /* histogram_inc.h */,
				1DD253261E496B7700B22759 /* literal_cost.c */,
				1DD253271E496B7700B22759 /* literal_cost.h */,
				1DD253281E496B7700B22759 /* memory.c */,
				1DD253291E496B7700B22759 /* memory.h */,
				1DD2532A1E496B7700B22759 /* metablock.c */,
				1DD2532B1E496B7700B22759 /* metablock.h */,
				1DD2532C1E496B7700B22759 /* metablock_inc.h */,
				1DD2532D1E496B7700B22759 /* port.h */,
				1DD2532E1E496B7700B22759 /* prefix.h */,
				1DD2532F1E496B7700B22759 /* quality.h */,
				1DD253301E496B7700B22759 /* ringbuffer.h */,
				1DD253311E496B7700B22759 /* static_dict.c */,
				1DD253321E496B7700B22759 /* static_dict.h */,
				1DD253331E496B7700B22759 /* static_dict_lut.h */,
				1DD253341E496B7700B22759 /* streams.cc */,
				1DD253351E496B7700B22759 /* streams.h */,
				1DD253361E496B7700B22759 /* utf8_util.c */,
				1DD253371E496B7700B22759 /* utf8_util.h */,
				1DD253381E496B7700B22759 /* write_bits.h */,
			);
			name = enc;
			path = brotli/enc;
			sourceTree = "<group>";
		};
		1DD253741E497E7F00B22759 /* common */ = {
			isa = PBXGroup;
			children = (
				1DD253751E497E7F00B22759 /* constants.h */,
				1DD253761E497E7F00B22759 /* dictionary.c */,
				1DD253771E497E7F00B22759 /* dictionary.h */,
				1DD253781E497E7F00B22759 /* port.h */,
				1DD253791E497E7F00B22759 /* types.h */,
			);
			name = common;
			path = brotli/common;
			sourceTree = "<group>";
		};
/* End PBXGroup section */

/* Begin PBXHeadersBuildPhase section */
		1DC0FDF21CE7B2F3007D6F88 /* Headers */ = {
			isa = PBXHeadersBuildPhase;
			buildActionMask = 2147483647;
			files = (
				1DD253561E496B7700B22759 /* entropy_encode.h in Headers */,
				1DD253721E496B7700B22759 /* utf8_util.h in Headers */,
				1DD2534A1E496B7700B22759 /* compress_fragment.h in Headers */,
				1DD2534C1E496B7700B22759 /* compress_fragment_two_pass.h in Headers */,
				1DD253521E496B7700B22759 /* encode.h in Headers */,
				1DD253501E496B7700B22759 /* dictionary_hash.h in Headers */,
				1DD253621E496B7700B22759 /* literal_cost.h in Headers */,
				1DD2536E1E496B7700B22759 /* static_dict_lut.h in Headers */,
				1DD2537E1E497E7F00B22759 /* types.h in Headers */,
				1DD253681E496B7700B22759 /* port.h in Headers */,
				1DD253731E496B7700B22759 /* write_bits.h in Headers */,
				1DD252F31E496B6E00B22759 /* context.h in Headers */,
				1DD253691E496B7700B22759 /* prefix.h in Headers */,
				1DD253641E496B7700B22759 /* memory.h in Headers */,
				1DD253701E496B7700B22759 /* streams.h in Headers */,
				1DD252F81E496B6E00B22759 /* port.h in Headers */,
				1DC0FE021CE7B32D007D6F88 /* Brotli.h in Headers */,
				1DD252FB1E496B6E00B22759 /* state.h in Headers */,
				1DD2533B1E496B7700B22759 /* backward_references_inc.h in Headers */,
				1DD2533F1E496B7700B22759 /* block_encoder_inc.h in Headers */,
				1DD253581E496B7700B22759 /* fast_log.h in Headers */,
				1DD252F21E496B6E00B22759 /* bit_reader.h in Headers */,
				1DD253411E496B7700B22759 /* block_splitter.h in Headers */,
				1DD2535A1E496B7700B22759 /* hash.h in Headers */,
				1DD253441E496B7700B22759 /* brotli_bit_stream.h in Headers */,
				1DD252F91E496B6E00B22759 /* prefix.h in Headers */,
				1DD2537D1E497E7F00B22759 /* port.h in Headers */,
				1DD253471E496B7700B22759 /* cluster_inc.h in Headers */,
				1DD2535D1E496B7700B22759 /* hash_longest_match_quickly_inc.h in Headers */,
				1DD253461E496B7700B22759 /* cluster.h in Headers */,
				1DD2533A1E496B7700B22759 /* backward_references.h in Headers */,
				1DD2534E1E496B7700B22759 /* compressor.h in Headers */,
				1DD252F51E496B6E00B22759 /* decode.h in Headers */,
				1DD2537C1E497E7F00B22759 /* dictionary.h in Headers */,
				1DD2535B1E496B7700B22759 /* hash_forgetful_chain_inc.h in Headers */,
				1DD2536D1E496B7700B22759 /* static_dict.h in Headers */,
				1DD2533D1E496B7700B22759 /* bit_cost.h in Headers */,
				1DD2533E1E496B7700B22759 /* bit_cost_inc.h in Headers */,
				1DD253601E496B7700B22759 /* histogram_inc.h in Headers */,
				1DD253591E496B7700B22759 /* find_match_length.h in Headers */,
				1DD2536A1E496B7700B22759 /* quality.h in Headers */,
				1DD253541E496B7700B22759 /* encode_parallel.h in Headers */,
				1DD2536B1E496B7700B22759 /* ringbuffer.h in Headers */,
				1DD2535F1E496B7700B22759 /* histogram.h in Headers */,
				1DD253421E496B7700B22759 /* block_splitter_inc.h in Headers */,
				1DD252FC1E496B6E00B22759 /* transform.h in Headers */,
				1DD2534F1E496B7700B22759 /* context.h in Headers */,
				1DD253481E496B7700B22759 /* command.h in Headers */,
				1DD253671E496B7700B22759 /* metablock_inc.h in Headers */,
				1DD2537A1E497E7F00B22759 /* constants.h in Headers */,
				1DD252F71E496B6E00B22759 /* huffman.h in Headers */,
				1DD253571E496B7700B22759 /* entropy_encode_static.h in Headers */,
				1DD2535C1E496B7700B22759 /* hash_longest_match_inc.h in Headers */,
				1DD253661E496B7700B22759 /* metablock.h in Headers */,
				1DC0FDF91CE7B2F3007D6F88 /* GoogleBrotli.h in Headers */,
			);
			runOnlyForDeploymentPostprocessing = 0;
		};
/* End PBXHeadersBuildPhase section */

/* Begin PBXNativeTarget section */
		1DC0FDF41CE7B2F3007D6F88 /* GoogleBrotli */ = {
			isa = PBXNativeTarget;
			buildConfigurationList = 1DC0FDFD1CE7B2F3007D6F88 /* Build configuration list for PBXNativeTarget "GoogleBrotli" */;
			buildPhases = (
				1DC0FDF01CE7B2F3007D6F88 /* Sources */,
				1DC0FDF11CE7B2F3007D6F88 /* Frameworks */,
				1DC0FDF21CE7B2F3007D6F88 /* Headers */,
				1DC0FDF31CE7B2F3007D6F88 /* Resources */,
			);
			buildRules = (
			);
			dependencies = (
			);
			name = GoogleBrotli;
			productName = GoogleBrotli;
			productReference = 1DC0FDF51CE7B2F3007D6F88 /* GoogleBrotli.framework */;
			productType = "com.apple.product-type.framework";
		};
/* End PBXNativeTarget section */

/* Begin PBXProject section */
		1DC0FDEC1CE7B2F3007D6F88 /* Project object */ = {
			isa = PBXProject;
			attributes = {
				LastUpgradeCheck = 0820;
				ORGANIZATIONNAME = "Modern Wizard Studio";
				TargetAttributes = {
					1DC0FDF41CE7B2F3007D6F88 = {
						CreatedOnToolsVersion = 7.3.1;
					};
				};
			};
			buildConfigurationList = 1DC0FDEF1CE7B2F3007D6F88 /* Build configuration list for PBXProject "GoogleBrotli" */;
			compatibilityVersion = "Xcode 3.2";
			developmentRegion = English;
			hasScannedForEncodings = 0;
			knownRegions = (
				en,
			);
			mainGroup = 1DC0FDEB1CE7B2F3007D6F88;
			productRefGroup = 1DC0FDF61CE7B2F3007D6F88 /* Products */;
			projectDirPath = "";
			projectRoot = "";
			targets = (
				1DC0FDF41CE7B2F3007D6F88 /* GoogleBrotli */,
			);
		};
/* End PBXProject section */

/* Begin PBXResourcesBuildPhase section */
		1DC0FDF31CE7B2F3007D6F88 /* Resources */ = {
			isa = PBXResourcesBuildPhase;
			buildActionMask = 2147483647;
			files = (
			);
			runOnlyForDeploymentPostprocessing = 0;
		};
/* End PBXResourcesBuildPhase section */

/* Begin PBXSourcesBuildPhase section */
		1DC0FDF01CE7B2F3007D6F88 /* Sources */ = {
			isa = PBXSourcesBuildPhase;
			buildActionMask = 2147483647;
			files = (
				1DD2536C1E496B7700B22759 /* static_dict.c in Sources */,
				1DD253391E496B7700B22759 /* backward_references.c in Sources */,
				1DD253531E496B7700B22759 /* encode_parallel.cc in Sources */,
				1DD252F11E496B6E00B22759 /* bit_reader.c in Sources */,
				1DD253431E496B7700B22759 /* brotli_bit_stream.c in Sources */,
				1DD253511E496B7700B22759 /* encode.c in Sources */,
				1DD253401E496B7700B22759 /* block_splitter.c in Sources */,
				1DD2534D1E496B7700B22759 /* compressor.cc in Sources */,
				1DD252F41E496B6E00B22759 /* decode.c in Sources */,
				1DD2533C1E496B7700B22759 /* bit_cost.c in Sources */,
				1DD253451E496B7700B22759 /* cluster.c in Sources */,
				1DD2537B1E497E7F00B22759 /* dictionary.c in Sources */,
				1DD253611E496B7700B22759 /* literal_cost.c in Sources */,
				1DC0FE031CE7B32D007D6F88 /* Brotlli.mm in Sources */,
				1DD252FA1E496B6E00B22759 /* state.c in Sources */,
				1DD253491E496B7700B22759 /* compress_fragment.c in Sources */,
				1DD252F61E496B6E00B22759 /* huffman.c in Sources */,
				1DD2534B1E496B7700B22759 /* compress_fragment_two_pass.c in Sources */,
				1DD253631E496B7700B22759 /* memory.c in Sources */,
				1DD253551E496B7700B22759 /* entropy_encode.c in Sources */,
				1DD2536F1E496B7700B22759 /* streams.cc in Sources */,
				1DD253651E496B7700B22759 /* metablock.c in Sources */,
				1DD2535E1E496B7700B22759 /* histogram.c in Sources */,
				1DD253711E496B7700B22759 /* utf8_util.c in Sources */,
			);
			runOnlyForDeploymentPostprocessing = 0;
		};
/* End PBXSourcesBuildPhase section */

/* Begin XCBuildConfiguration section */
		1DC0FDFB1CE7B2F3007D6F88 /* Debug */ = {
			isa = XCBuildConfiguration;
			buildSettings = {
				ALWAYS_SEARCH_USER_PATHS = NO;
				CLANG_ANALYZER_NONNULL = YES;
				CLANG_CXX_LANGUAGE_STANDARD = "compiler-default";
				CLANG_CXX_LIBRARY = "compiler-default";
				CLANG_ENABLE_MODULES = YES;
				CLANG_ENABLE_OBJC_ARC = YES;
				CLANG_WARN_BOOL_CONVERSION = YES;
				CLANG_WARN_CONSTANT_CONVERSION = YES;
				CLANG_WARN_DIRECT_OBJC_ISA_USAGE = YES_ERROR;
				CLANG_WARN_EMPTY_BODY = YES;
				CLANG_WARN_ENUM_CONVERSION = YES;
				CLANG_WARN_INFINITE_RECURSION = YES;
				CLANG_WARN_INT_CONVERSION = YES;
				CLANG_WARN_OBJC_ROOT_CLASS = YES_ERROR;
				CLANG_WARN_SUSPICIOUS_MOVE = YES;
				CLANG_WARN_UNREACHABLE_CODE = YES;
				CLANG_WARN__DUPLICATE_METHOD_MATCH = YES;
				"CODE_SIGN_IDENTITY[sdk=iphoneos*]" = "iPhone Developer";
				COPY_PHASE_STRIP = NO;
				CURRENT_PROJECT_VERSION = 1;
				DEBUG_INFORMATION_FORMAT = dwarf;
				ENABLE_STRICT_OBJC_MSGSEND = YES;
				ENABLE_TESTABILITY = YES;
				GCC_C_LANGUAGE_STANDARD = "compiler-default";
				GCC_DYNAMIC_NO_PIC = NO;
				GCC_NO_COMMON_BLOCKS = YES;
				GCC_OPTIMIZATION_LEVEL = 0;
				GCC_PREPROCESSOR_DEFINITIONS = (
					"DEBUG=1",
					"$(inherited)",
				);
				GCC_WARN_64_TO_32_BIT_CONVERSION = YES;
				GCC_WARN_ABOUT_RETURN_TYPE = YES_ERROR;
				GCC_WARN_UNDECLARED_SELECTOR = YES;
				GCC_WARN_UNINITIALIZED_AUTOS = YES_AGGRESSIVE;
				GCC_WARN_UNUSED_FUNCTION = YES;
				GCC_WARN_UNUSED_VARIABLE = YES;
				IPHONEOS_DEPLOYMENT_TARGET = 9.3;
				MTL_ENABLE_DEBUG_INFO = YES;
				ONLY_ACTIVE_ARCH = YES;
				SDKROOT = iphoneos;
				SWIFT_OPTIMIZATION_LEVEL = "-Onone";
				TARGETED_DEVICE_FAMILY = "1,2";
				VERSIONING_SYSTEM = "apple-generic";
				VERSION_INFO_PREFIX = "";
			};
			name = Debug;
		};
		1DC0FDFC1CE7B2F3007D6F88 /* Release */ = {
			isa = XCBuildConfiguration;
			buildSettings = {
				ALWAYS_SEARCH_USER_PATHS = NO;
				CLANG_ANALYZER_NONNULL = YES;
				CLANG_CXX_LANGUAGE_STANDARD = "compiler-default";
				CLANG_CXX_LIBRARY = "compiler-default";
				CLANG_ENABLE_MODULES = YES;
				CLANG_ENABLE_OBJC_ARC = YES;
				CLANG_WARN_BOOL_CONVERSION = YES;
				CLANG_WARN_CONSTANT_CONVERSION = YES;
				CLANG_WARN_DIRECT_OBJC_ISA_USAGE = YES_ERROR;
				CLANG_WARN_EMPTY_BODY = YES;
				CLANG_WARN_ENUM_CONVERSION = YES;
				CLANG_WARN_INFINITE_RECURSION = YES;
				CLANG_WARN_INT_CONVERSION = YES;
				CLANG_WARN_OBJC_ROOT_CLASS = YES_ERROR;
				CLANG_WARN_SUSPICIOUS_MOVE = YES;
				CLANG_WARN_UNREACHABLE_CODE = YES;
				CLANG_WARN__DUPLICATE_METHOD_MATCH = YES;
				"CODE_SIGN_IDENTITY[sdk=iphoneos*]" = "iPhone Developer";
				COPY_PHASE_STRIP = NO;
				CURRENT_PROJECT_VERSION = 1;
				DEBUG_INFORMATION_FORMAT = "dwarf-with-dsym";
				ENABLE_NS_ASSERTIONS = NO;
				ENABLE_STRICT_OBJC_MSGSEND = YES;
				GCC_C_LANGUAGE_STANDARD = "compiler-default";
				GCC_NO_COMMON_BLOCKS = YES;
				GCC_OPTIMIZATION_LEVEL = fast;
				GCC_WARN_64_TO_32_BIT_CONVERSION = YES;
				GCC_WARN_ABOUT_RETURN_TYPE = YES_ERROR;
				GCC_WARN_UNDECLARED_SELECTOR = YES;
				GCC_WARN_UNINITIALIZED_AUTOS = YES_AGGRESSIVE;
				GCC_WARN_UNUSED_FUNCTION = YES;
				GCC_WARN_UNUSED_VARIABLE = YES;
				IPHONEOS_DEPLOYMENT_TARGET = 9.3;
				MTL_ENABLE_DEBUG_INFO = NO;
				SDKROOT = iphoneos;
				TARGETED_DEVICE_FAMILY = "1,2";
				VALIDATE_PRODUCT = YES;
				VERSIONING_SYSTEM = "apple-generic";
				VERSION_INFO_PREFIX = "";
			};
			name = Release;
		};
		1DC0FDFE1CE7B2F3007D6F88 /* Debug */ = {
			isa = XCBuildConfiguration;
			buildSettings = {
				CLANG_ENABLE_MODULES = YES;
				"CODE_SIGN_IDENTITY[sdk=iphoneos*]" = "";
				DEFINES_MODULE = YES;
				DYLIB_COMPATIBILITY_VERSION = 1;
				DYLIB_CURRENT_VERSION = 1;
				DYLIB_INSTALL_NAME_BASE = "@rpath";
				INFOPLIST_FILE = GoogleBrotli/Info.plist;
				INSTALL_PATH = "$(LOCAL_LIBRARY_DIR)/Frameworks";
				IPHONEOS_DEPLOYMENT_TARGET = 8.0;
				LD_RUNPATH_SEARCH_PATHS = "$(inherited) @executable_path/Frameworks @loader_path/Frameworks";
				PRODUCT_BUNDLE_IDENTIFIER = me.nedval.GoogleBrotli;
				PRODUCT_NAME = "$(TARGET_NAME)";
				SKIP_INSTALL = YES;
				SWIFT_OPTIMIZATION_LEVEL = "-Onone";
			};
			name = Debug;
		};
		1DC0FDFF1CE7B2F3007D6F88 /* Release */ = {
			isa = XCBuildConfiguration;
			buildSettings = {
				CLANG_ENABLE_MODULES = YES;
				"CODE_SIGN_IDENTITY[sdk=iphoneos*]" = "";
				DEFINES_MODULE = YES;
				DYLIB_COMPATIBILITY_VERSION = 1;
				DYLIB_CURRENT_VERSION = 1;
				DYLIB_INSTALL_NAME_BASE = "@rpath";
				INFOPLIST_FILE = GoogleBrotli/Info.plist;
				INSTALL_PATH = "$(LOCAL_LIBRARY_DIR)/Frameworks";
				IPHONEOS_DEPLOYMENT_TARGET = 8.0;
				LD_RUNPATH_SEARCH_PATHS = "$(inherited) @executable_path/Frameworks @loader_path/Frameworks";
				PRODUCT_BUNDLE_IDENTIFIER = me.nedval.GoogleBrotli;
				PRODUCT_NAME = "$(TARGET_NAME)";
				SKIP_INSTALL = YES;
			};
			name = Release;
		};
/* End XCBuildConfiguration section */

/* Begin XCConfigurationList section */
		1DC0FDEF1CE7B2F3007D6F88 /* Build configuration list for PBXProject "GoogleBrotli" */ = {
			isa = XCConfigurationList;
			buildConfigurations = (
				1DC0FDFB1CE7B2F3007D6F88 /* Debug */,
				1DC0FDFC1CE7B2F3007D6F88 /* Release */,
			);
			defaultConfigurationIsVisible = 0;
			defaultConfigurationName = Release;
		};
		1DC0FDFD1CE7B2F3007D6F88 /* Build configuration list for PBXNativeTarget "GoogleBrotli" */ = {
			isa = XCConfigurationList;
			buildConfigurations = (
				1DC0FDFE1CE7B2F3007D6F88 /* Debug */,
				1DC0FDFF1CE7B2F3007D6F88 /* Release */,
			);
			defaultConfigurationIsVisible = 0;
			defaultConfigurationName = Release;
		};
/* End XCConfigurationList section */
	};
	rootObject = 1DC0FDEC1CE7B2F3007D6F88 /* Project object */;
}
